
Microsoft Visual Studio Solution File, Format Version 11.00
# Visual Studio 2010
Project("{FAE04EC0-301F-11D3-BF4B-00C04F79EFBC}") = "SSO.DataLayer", "SSO.DataLayer\SSO.DataLayer.csproj", "{5EDD25D3-FB1D-4449-91B4-F41B34ACC7A9}"
EndProject
Project("{FAE04EC0-301F-11D3-BF4B-00C04F79EFBC}") = "SSO.BusinessLayer", "SSO.BusinessLayer\SSO.BusinessLayer.csproj", "{DC5ADE30-E02F-42DA-A67D-F6D200272708}"
EndProject
Project("{FAE04EC0-301F-11D3-BF4B-00C04F79EFBC}") = "SSO.PhysicalLayer", "SSO.PhysicalLayer\SSO.PhysicalLayer.csproj", "{CB90314B-E9A7-4DA5-A857-5E2F13D39DFA}"
EndProject
Project("{FAE04EC0-301F-11D3-BF4B-00C04F79EFBC}") = "SSO.Interface.Win", "SSO.Interface.Win\SSO.Interface.Win.csproj", "{FFE51F02-3343-4603-991C-10C937CB8673}"
EndProject
Project("{FAE04EC0-301F-11D3-BF4B-00C04F79EFBC}") = "SSO.Interface.Web", "SSO.Interface.Web\SSO.Interface.Web.csproj", "{24369E25-7B2C-4989-A2A6-8EFED733CC43}"
EndProject
Project("{FAE04EC0-301F-11D3-BF4B-00C04F79EFBC}") = "SSO.Applications.Win", "SSO.Applications.Win\SSO.Applications.Win.csproj", "{AFE7A15E-0F14-48B5-B3AE-A81F8F448164}"
EndProject
Project("{FAE04EC0-301F-11D3-BF4B-00C04F79EFBC}") = "SSO.Applications.Web", "SSO.Applications.Web\SSO.Applications.Web.csproj", "{918F2586-561B-4DC2-ABA5-CCEDEDFC6C5F}"
EndProject
Project("{FAE04EC0-301F-11D3-BF4B-00C04F79EFBC}") = "SSO.Applications.WebService", "SSO.Applications.WebService\SSO.Applications.WebService.csproj", "{BE5F85D6-4C78-4E3C-90DF-4BDD83DD2E34}"
EndProject
Project("{FAE04EC0-301F-11D3-BF4B-00C04F79EFBC}") = "SSO.BusinessLayer.System", "SSO.BusinessLayer.System\SSO.BusinessLayer.System.csproj", "{7BBD95CD-288A-4BC7-9A03-DA97A2747D3C}"
EndProject
Project("{FAE04EC0-301F-11D3-BF4B-00C04F79EFBC}") = "SSO.BusinessLayer.System.MSSQL", "SSO.BusinessLayer.System.MSSQL\SSO.BusinessLayer.System.MSSQL.csproj", "{A976FA10-5944-4131-9718-3D259F9D5955}"
EndProject
Project("{FAE04EC0-301F-11D3-BF4B-00C04F79EFBC}") = "SSO.BusinessLayer.Report", "SSO.BusinessLayer.Report\SSO.BusinessLayer.Report.csproj", "{89E2BD55-2A3C-48CA-B6A4-EA69981369EF}"
EndProject
Project("{FAE04EC0-301F-11D3-BF4B-00C04F79EFBC}") = "SSO.BusinessLayer.System.ORACLE", "SSO.BusinessLayer.System.ORACLE\SSO.BusinessLayer.System.ORACLE.csproj", "{60BFE5FE-1A54-4751-9951-449FD3312EDD}"
EndProject
Project("{FAE04EC0-301F-11D3-BF4B-00C04F79EFBC}") = "SSO.Common", "SSO.Common\SSO.Common.csproj", "{16783760-DD7A-4FA1-883F-44DBC6537E4E}"
EndProject
Project("{FAE04EC0-301F-11D3-BF4B-00C04F79EFBC}") = "SSO.BusinessLayer.Report.MSSQL", "SSO.BusinessLayer.Report.MSSQL\SSO.BusinessLayer.Report.MSSQL.csproj", "{18C5A6A9-733F-46B5-BB90-3BF588F46D82}"
EndProject
Project("{FAE04EC0-301F-11D3-BF4B-00C04F79EFBC}") = "SSO.BusinessLayer.Report.ORACLE", "SSO.BusinessLayer.Report.ORACLE\SSO.BusinessLayer.Report.ORACLE.csproj", "{668378EE-CE59-4EB5-A8E4-125A48E0E298}"
EndProject
Project("{FAE04EC0-301F-11D3-BF4B-00C04F79EFBC}") = "SSO.BusinessLayer.Definition", "SSO.BusinessLayer.Definition\SSO.BusinessLayer.Definition.csproj", "{5030DC0F-D7BA-467E-8DF9-5DABC8AF5BBC}"
EndProject
Project("{FAE04EC0-301F-11D3-BF4B-00C04F79EFBC}") = "SSO.BusinessLayer.Definition.MSSQL", "SSO.BusinessLayer.Definition.MSSQL\SSO.BusinessLayer.Definition.MSSQL.csproj", "{03D44D4B-3A23-4280-8759-F80DA958F553}"
EndProject
Project("{FAE04EC0-301F-11D3-BF4B-00C04F79EFBC}") = "SSO.BusinessLayer.Definition.ORACLE", "SSO.BusinessLayer.Definition.ORACLE\SSO.BusinessLayer.Definition.ORACLE.csproj", "{942696BA-253D-4321-A7B4-4579BF63B83C}"
EndProject
Project("{FAE04EC0-301F-11D3-BF4B-00C04F79EFBC}") = "SSO.BusinessLayer.Action", "SSO.BusinessLayer.Action\SSO.BusinessLayer.Action.csproj", "{272095A0-95D5-4014-B565-77729DF9B375}"
EndProject
Project("{FAE04EC0-301F-11D3-BF4B-00C04F79EFBC}") = "SSO.BusinessLayer.Action.MSSQL", "SSO.BusinessLayer.Action.MSSQL\SSO.BusinessLayer.Action.MSSQL.csproj", "{B2FA892C-4FF6-4D0C-9596-CEA89B925876}"
EndProject
Project("{FAE04EC0-301F-11D3-BF4B-00C04F79EFBC}") = "SSO.BusinessLayer.Action.ORACLE", "SSO.BusinessLayer.Action.ORACLE\SSO.BusinessLayer.Action.ORACLE.csproj", "{22F78DD2-7B2F-4B1E-990C-1DFF8C2766B5}"
EndProject
Project("{FAE04EC0-301F-11D3-BF4B-00C04F79EFBC}") = "SSO.Interface.WebService", "SSO.Interface.WebService\SSO.Interface.WebService.csproj", "{F2134F94-42E6-4D34-BDCD-BACA9176F347}"
EndProject
Project("{FAE04EC0-301F-11D3-BF4B-00C04F79EFBC}") = "SSO.BusinessLayer.Process", "SSO.BusinessLayer.Process\SSO.BusinessLayer.Process.csproj", "{A16A4A8A-15E0-4152-8EE3-4BBA1FEFE772}"
EndProject
Project("{FAE04EC0-301F-11D3-BF4B-00C04F79EFBC}") = "SSO.BusinessLayer.Process.MSSQL", "SSO.BusinessLayer.Process.MSSQL\SSO.BusinessLayer.Process.MSSQL.csproj", "{7FA5A184-FDA6-41AA-AC46-4B2966818769}"
EndProject
Project("{FAE04EC0-301F-11D3-BF4B-00C04F79EFBC}") = "SSO.BusinessLayer.Process.ORACLE", "SSO.BusinessLayer.Process.ORACLE\SSO.BusinessLayer.Process.ORACLE.csproj", "{A609B775-4826-4217-8697-25C2235C0135}"
EndProject
Project("{FAE04EC0-301F-11D3-BF4B-00C04F79EFBC}") = "SSO.BusinessLayer.DefinitionSystem", "SSO.BusinessLayer.DefinitionSystem\SSO.BusinessLayer.DefinitionSystem.csproj", "{6514F96F-A8C3-424B-9957-333D0337A840}"
EndProject
Project("{FAE04EC0-301F-11D3-BF4B-00C04F79EFBC}") = "SSO.BusinessLayer.DefinitionSystem.MSSQL", "SSO.BusinessLayer.DefinitionSystem.MSSQL\SSO.BusinessLayer.DefinitionSystem.MSSQL.csproj", "{4F1D36F2-E409-4BD7-A4F2-062D5A250009}"
EndProject
Project("{FAE04EC0-301F-11D3-BF4B-00C04F79EFBC}") = "SSO.BusinessLayer.DefinitionSystem.ORACLE", "SSO.BusinessLayer.DefinitionSystem.ORACLE\SSO.BusinessLayer.DefinitionSystem.ORACLE.csproj", "{0E500C68-6977-429D-8EFB-FD327DD01529}"
EndProject
Project("{FAE04EC0-301F-11D3-BF4B-00C04F79EFBC}") = "SSO.Applications.PalmSecureTest", "SSO.Applications.PalmSecureTest\SSO.Applications.PalmSecureTest.csproj", "{924A8A11-C690-41F4-8969-5635D83A0BE2}"
EndProject
Project("{FAE04EC0-301F-11D3-BF4B-00C04F79EFBC}") = "SSO.Applications.Client.Win", "SSO.Applications.Client.Win\SSO.Applications.Client.Win.csproj", "{6C9C5655-7A78-483D-B52B-D38D06898328}"
EndProject
Project("{FAE04EC0-301F-11D3-BF4B-00C04F79EFBC}") = "SSO.Applications.Win.UsersControl", "SSO.Applications.Win.UsersControl\SSO.Applications.Win.UsersControl.csproj", "{7C1CDE67-A624-4316-800D-E77DD7B24BEE}"
EndProject
Project("{FAE04EC0-301F-11D3-BF4B-00C04F79EFBC}") = "DeviceTester", "DeviceTester\DeviceTester.csproj", "{73EBF1DB-A7A2-4560-89E5-5EA5F4FB1D1A}"
EndProject
Project("{FAE04EC0-301F-11D3-BF4B-00C04F79EFBC}") = "SSO.Applications.Client.Service", "SSO.Applications.Client.Service\SSO.Applications.Client.Service.csproj", "{C1EBD13C-B99C-4FA8-86E4-A5E9B8A3F389}"
EndProject
Project("{8BC9CEB8-8B4A-11D0-8D11-00A0C91BC942}") = "LoginScreenForm", "LoginScreenForm\LoginScreenForm.vcxproj", "{725E9C03-59AB-40A5-A3E4-A7B0E96CA7D4}"
EndProject
Project("{FAE04EC0-301F-11D3-BF4B-00C04F79EFBC}") = "SSO.Applications.ClientService.Test", "SSO.Applications.ClientService.Test\SSO.Applications.ClientService.Test.csproj", "{59AEBBAC-1AFC-493B-9CBA-158399B6E13A}"
EndProject
Project("{8BC9CEB8-8B4A-11D0-8D11-00A0C91BC942}") = "SampleHardwareEventCredentialProvider", "Documentation\Windows 7 SDK\RTMCredentialProviderSamples__FINAL\SampleHardwareEventCredentialProvider\SampleHardwareEventCredentialProvider\SampleHardwareEventCredentialProvider.vcxproj", "{7348AEE0-1F4A-4436-B782-6ABB694911AE}"
EndProject
Project("{8BC9CEB8-8B4A-11D0-8D11-00A0C91BC942}") = "SSO.Applications.Win32Test", "SSO.Applications.Win32Test\SSO.Applications.Win32Test.vcxproj", "{867A2E1B-11C0-4621-BB47-EF0284ED00A7}"
EndProject
Global
	GlobalSection(SolutionConfigurationPlatforms) = preSolution
		Debug|Any CPU = Debug|Any CPU
		Debug|Mixed Platforms = Debug|Mixed Platforms
		Debug|Win32 = Debug|Win32
		Debug|x64 = Debug|x64
		Debug|x86 = Debug|x86
		Release|Any CPU = Release|Any CPU
		Release|Mixed Platforms = Release|Mixed Platforms
		Release|Win32 = Release|Win32
		Release|x64 = Release|x64
		Release|x86 = Release|x86
	EndGlobalSection
	GlobalSection(ProjectConfigurationPlatforms) = postSolution
		{5EDD25D3-FB1D-4449-91B4-F41B34ACC7A9}.Debug|Any CPU.ActiveCfg = Debug|Any CPU
		{5EDD25D3-FB1D-4449-91B4-F41B34ACC7A9}.Debug|Any CPU.Build.0 = Debug|Any CPU
		{5EDD25D3-FB1D-4449-91B4-F41B34ACC7A9}.Debug|Mixed Platforms.ActiveCfg = Debug|Any CPU
		{5EDD25D3-FB1D-4449-91B4-F41B34ACC7A9}.Debug|Mixed Platforms.Build.0 = Debug|Any CPU
		{5EDD25D3-FB1D-4449-91B4-F41B34ACC7A9}.Debug|Win32.ActiveCfg = Debug|Any CPU
		{5EDD25D3-FB1D-4449-91B4-F41B34ACC7A9}.Debug|x64.ActiveCfg = Debug|x64
		{5EDD25D3-FB1D-4449-91B4-F41B34ACC7A9}.Debug|x86.ActiveCfg = Debug|Any CPU
		{5EDD25D3-FB1D-4449-91B4-F41B34ACC7A9}.Release|Any CPU.ActiveCfg = Release|Any CPU
		{5EDD25D3-FB1D-4449-91B4-F41B34ACC7A9}.Release|Any CPU.Build.0 = Release|Any CPU
		{5EDD25D3-FB1D-4449-91B4-F41B34ACC7A9}.Release|Mixed Platforms.ActiveCfg = Release|Any CPU
		{5EDD25D3-FB1D-4449-91B4-F41B34ACC7A9}.Release|Mixed Platforms.Build.0 = Release|Any CPU
		{5EDD25D3-FB1D-4449-91B4-F41B34ACC7A9}.Release|Win32.ActiveCfg = Release|Any CPU
		{5EDD25D3-FB1D-4449-91B4-F41B34ACC7A9}.Release|x64.ActiveCfg = Release|Any CPU
		{5EDD25D3-FB1D-4449-91B4-F41B34ACC7A9}.Release|x86.ActiveCfg = Release|Any CPU
		{DC5ADE30-E02F-42DA-A67D-F6D200272708}.Debug|Any CPU.ActiveCfg = Debug|Any CPU
		{DC5ADE30-E02F-42DA-A67D-F6D200272708}.Debug|Any CPU.Build.0 = Debug|Any CPU
		{DC5ADE30-E02F-42DA-A67D-F6D200272708}.Debug|Mixed Platforms.ActiveCfg = Debug|Any CPU
		{DC5ADE30-E02F-42DA-A67D-F6D200272708}.Debug|Mixed Platforms.Build.0 = Debug|Any CPU
		{DC5ADE30-E02F-42DA-A67D-F6D200272708}.Debug|Win32.ActiveCfg = Debug|Any CPU
		{DC5ADE30-E02F-42DA-A67D-F6D200272708}.Debug|x64.ActiveCfg = Debug|x64
		{DC5ADE30-E02F-42DA-A67D-F6D200272708}.Debug|x86.ActiveCfg = Debug|Any CPU
		{DC5ADE30-E02F-42DA-A67D-F6D200272708}.Release|Any CPU.ActiveCfg = Release|Any CPU
		{DC5ADE30-E02F-42DA-A67D-F6D200272708}.Release|Any CPU.Build.0 = Release|Any CPU
		{DC5ADE30-E02F-42DA-A67D-F6D200272708}.Release|Mixed Platforms.ActiveCfg = Release|Any CPU
		{DC5ADE30-E02F-42DA-A67D-F6D200272708}.Release|Mixed Platforms.Build.0 = Release|Any CPU
		{DC5ADE30-E02F-42DA-A67D-F6D200272708}.Release|Win32.ActiveCfg = Release|Any CPU
		{DC5ADE30-E02F-42DA-A67D-F6D200272708}.Release|x64.ActiveCfg = Release|Any CPU
		{DC5ADE30-E02F-42DA-A67D-F6D200272708}.Release|x86.ActiveCfg = Release|Any CPU
		{CB90314B-E9A7-4DA5-A857-5E2F13D39DFA}.Debug|Any CPU.ActiveCfg = Debug|Any CPU
		{CB90314B-E9A7-4DA5-A857-5E2F13D39DFA}.Debug|Any CPU.Build.0 = Debug|Any CPU
		{CB90314B-E9A7-4DA5-A857-5E2F13D39DFA}.Debug|Mixed Platforms.ActiveCfg = Debug|Any CPU
		{CB90314B-E9A7-4DA5-A857-5E2F13D39DFA}.Debug|Mixed Platforms.Build.0 = Debug|Any CPU
		{CB90314B-E9A7-4DA5-A857-5E2F13D39DFA}.Debug|Win32.ActiveCfg = Debug|Any CPU
		{CB90314B-E9A7-4DA5-A857-5E2F13D39DFA}.Debug|x64.ActiveCfg = Debug|x64
		{CB90314B-E9A7-4DA5-A857-5E2F13D39DFA}.Debug|x86.ActiveCfg = Debug|Any CPU
		{CB90314B-E9A7-4DA5-A857-5E2F13D39DFA}.Release|Any CPU.ActiveCfg = Release|Any CPU
		{CB90314B-E9A7-4DA5-A857-5E2F13D39DFA}.Release|Any CPU.Build.0 = Release|Any CPU
		{CB90314B-E9A7-4DA5-A857-5E2F13D39DFA}.Release|Mixed Platforms.ActiveCfg = Release|Any CPU
		{CB90314B-E9A7-4DA5-A857-5E2F13D39DFA}.Release|Mixed Platforms.Build.0 = Release|Any CPU
		{CB90314B-E9A7-4DA5-A857-5E2F13D39DFA}.Release|Win32.ActiveCfg = Release|Any CPU
		{CB90314B-E9A7-4DA5-A857-5E2F13D39DFA}.Release|x64.ActiveCfg = Release|Any CPU
		{CB90314B-E9A7-4DA5-A857-5E2F13D39DFA}.Release|x86.ActiveCfg = Release|Any CPU
		{FFE51F02-3343-4603-991C-10C937CB8673}.Debug|Any CPU.ActiveCfg = Debug|Any CPU
		{FFE51F02-3343-4603-991C-10C937CB8673}.Debug|Any CPU.Build.0 = Debug|Any CPU
		{FFE51F02-3343-4603-991C-10C937CB8673}.Debug|Mixed Platforms.ActiveCfg = Debug|Any CPU
		{FFE51F02-3343-4603-991C-10C937CB8673}.Debug|Mixed Platforms.Build.0 = Debug|Any CPU
		{FFE51F02-3343-4603-991C-10C937CB8673}.Debug|Win32.ActiveCfg = Debug|Any CPU
		{FFE51F02-3343-4603-991C-10C937CB8673}.Debug|x64.ActiveCfg = Debug|x64
		{FFE51F02-3343-4603-991C-10C937CB8673}.Debug|x86.ActiveCfg = Debug|Any CPU
		{FFE51F02-3343-4603-991C-10C937CB8673}.Release|Any CPU.ActiveCfg = Release|Any CPU
		{FFE51F02-3343-4603-991C-10C937CB8673}.Release|Any CPU.Build.0 = Release|Any CPU
		{FFE51F02-3343-4603-991C-10C937CB8673}.Release|Mixed Platforms.ActiveCfg = Release|Any CPU
		{FFE51F02-3343-4603-991C-10C937CB8673}.Release|Mixed Platforms.Build.0 = Release|Any CPU
		{FFE51F02-3343-4603-991C-10C937CB8673}.Release|Win32.ActiveCfg = Release|Any CPU
		{FFE51F02-3343-4603-991C-10C937CB8673}.Release|x64.ActiveCfg = Release|Any CPU
		{FFE51F02-3343-4603-991C-10C937CB8673}.Release|x86.ActiveCfg = Release|Any CPU
		{24369E25-7B2C-4989-A2A6-8EFED733CC43}.Debug|Any CPU.ActiveCfg = Debug|Any CPU
		{24369E25-7B2C-4989-A2A6-8EFED733CC43}.Debug|Any CPU.Build.0 = Debug|Any CPU
		{24369E25-7B2C-4989-A2A6-8EFED733CC43}.Debug|Mixed Platforms.ActiveCfg = Debug|Any CPU
		{24369E25-7B2C-4989-A2A6-8EFED733CC43}.Debug|Mixed Platforms.Build.0 = Debug|Any CPU
		{24369E25-7B2C-4989-A2A6-8EFED733CC43}.Debug|Win32.ActiveCfg = Debug|Any CPU
		{24369E25-7B2C-4989-A2A6-8EFED733CC43}.Debug|x64.ActiveCfg = Debug|x64
		{24369E25-7B2C-4989-A2A6-8EFED733CC43}.Debug|x86.ActiveCfg = Debug|Any CPU
		{24369E25-7B2C-4989-A2A6-8EFED733CC43}.Release|Any CPU.ActiveCfg = Release|Any CPU
		{24369E25-7B2C-4989-A2A6-8EFED733CC43}.Release|Any CPU.Build.0 = Release|Any CPU
		{24369E25-7B2C-4989-A2A6-8EFED733CC43}.Release|Mixed Platforms.ActiveCfg = Release|Any CPU
		{24369E25-7B2C-4989-A2A6-8EFED733CC43}.Release|Mixed Platforms.Build.0 = Release|Any CPU
		{24369E25-7B2C-4989-A2A6-8EFED733CC43}.Release|Win32.ActiveCfg = Release|Any CPU
		{24369E25-7B2C-4989-A2A6-8EFED733CC43}.Release|x64.ActiveCfg = Release|Any CPU
		{24369E25-7B2C-4989-A2A6-8EFED733CC43}.Release|x86.ActiveCfg = Release|Any CPU
		{AFE7A15E-0F14-48B5-B3AE-A81F8F448164}.Debug|Any CPU.ActiveCfg = Debug|x86
		{AFE7A15E-0F14-48B5-B3AE-A81F8F448164}.Debug|Mixed Platforms.ActiveCfg = Debug|x86
		{AFE7A15E-0F14-48B5-B3AE-A81F8F448164}.Debug|Mixed Platforms.Build.0 = Debug|x86
		{AFE7A15E-0F14-48B5-B3AE-A81F8F448164}.Debug|Win32.ActiveCfg = Debug|x86
		{AFE7A15E-0F14-48B5-B3AE-A81F8F448164}.Debug|x64.ActiveCfg = Debug|x64
		{AFE7A15E-0F14-48B5-B3AE-A81F8F448164}.Debug|x86.ActiveCfg = Debug|x86
		{AFE7A15E-0F14-48B5-B3AE-A81F8F448164}.Debug|x86.Build.0 = Debug|x86
		{AFE7A15E-0F14-48B5-B3AE-A81F8F448164}.Release|Any CPU.ActiveCfg = Release|x86
		{AFE7A15E-0F14-48B5-B3AE-A81F8F448164}.Release|Mixed Platforms.ActiveCfg = Release|x86
		{AFE7A15E-0F14-48B5-B3AE-A81F8F448164}.Release|Mixed Platforms.Build.0 = Release|x86
		{AFE7A15E-0F14-48B5-B3AE-A81F8F448164}.Release|Win32.ActiveCfg = Release|x86
		{AFE7A15E-0F14-48B5-B3AE-A81F8F448164}.Release|x64.ActiveCfg = Release|x86
		{AFE7A15E-0F14-48B5-B3AE-A81F8F448164}.Release|x86.ActiveCfg = Release|x86
		{AFE7A15E-0F14-48B5-B3AE-A81F8F448164}.Release|x86.Build.0 = Release|x86
		{918F2586-561B-4DC2-ABA5-CCEDEDFC6C5F}.Debug|Any CPU.ActiveCfg = Debug|Any CPU
		{918F2586-561B-4DC2-ABA5-CCEDEDFC6C5F}.Debug|Any CPU.Build.0 = Debug|Any CPU
		{918F2586-561B-4DC2-ABA5-CCEDEDFC6C5F}.Debug|Mixed Platforms.ActiveCfg = Debug|Any CPU
		{918F2586-561B-4DC2-ABA5-CCEDEDFC6C5F}.Debug|Mixed Platforms.Build.0 = Debug|Any CPU
		{918F2586-561B-4DC2-ABA5-CCEDEDFC6C5F}.Debug|Win32.ActiveCfg = Debug|Any CPU
		{918F2586-561B-4DC2-ABA5-CCEDEDFC6C5F}.Debug|x64.ActiveCfg = Debug|x64
		{918F2586-561B-4DC2-ABA5-CCEDEDFC6C5F}.Debug|x86.ActiveCfg = Debug|Any CPU
		{918F2586-561B-4DC2-ABA5-CCEDEDFC6C5F}.Release|Any CPU.ActiveCfg = Release|Any CPU
		{918F2586-561B-4DC2-ABA5-CCEDEDFC6C5F}.Release|Any CPU.Build.0 = Release|Any CPU
		{918F2586-561B-4DC2-ABA5-CCEDEDFC6C5F}.Release|Mixed Platforms.ActiveCfg = Release|Any CPU
		{918F2586-561B-4DC2-ABA5-CCEDEDFC6C5F}.Release|Mixed Platforms.Build.0 = Release|Any CPU
		{918F2586-561B-4DC2-ABA5-CCEDEDFC6C5F}.Release|Win32.ActiveCfg = Release|Any CPU
		{918F2586-561B-4DC2-ABA5-CCEDEDFC6C5F}.Release|x64.ActiveCfg = Release|Any CPU
		{918F2586-561B-4DC2-ABA5-CCEDEDFC6C5F}.Release|x86.ActiveCfg = Release|Any CPU
		{BE5F85D6-4C78-4E3C-90DF-4BDD83DD2E34}.Debug|Any CPU.ActiveCfg = Debug|Any CPU
		{BE5F85D6-4C78-4E3C-90DF-4BDD83DD2E34}.Debug|Any CPU.Build.0 = Debug|Any CPU
		{BE5F85D6-4C78-4E3C-90DF-4BDD83DD2E34}.Debug|Mixed Platforms.ActiveCfg = Debug|Any CPU
		{BE5F85D6-4C78-4E3C-90DF-4BDD83DD2E34}.Debug|Mixed Platforms.Build.0 = Debug|Any CPU
		{BE5F85D6-4C78-4E3C-90DF-4BDD83DD2E34}.Debug|Win32.ActiveCfg = Debug|Any CPU
		{BE5F85D6-4C78-4E3C-90DF-4BDD83DD2E34}.Debug|x64.ActiveCfg = Debug|x64
		{BE5F85D6-4C78-4E3C-90DF-4BDD83DD2E34}.Debug|x86.ActiveCfg = Debug|Any CPU
		{BE5F85D6-4C78-4E3C-90DF-4BDD83DD2E34}.Release|Any CPU.ActiveCfg = Release|Any CPU
		{BE5F85D6-4C78-4E3C-90DF-4BDD83DD2E34}.Release|Any CPU.Build.0 = Release|Any CPU
		{BE5F85D6-4C78-4E3C-90DF-4BDD83DD2E34}.Release|Mixed Platforms.ActiveCfg = Release|Any CPU
		{BE5F85D6-4C78-4E3C-90DF-4BDD83DD2E34}.Release|Mixed Platforms.Build.0 = Release|Any CPU
		{BE5F85D6-4C78-4E3C-90DF-4BDD83DD2E34}.Release|Win32.ActiveCfg = Release|Any CPU
		{BE5F85D6-4C78-4E3C-90DF-4BDD83DD2E34}.Release|x64.ActiveCfg = Release|Any CPU
		{BE5F85D6-4C78-4E3C-90DF-4BDD83DD2E34}.Release|x86.ActiveCfg = Release|Any CPU
		{7BBD95CD-288A-4BC7-9A03-DA97A2747D3C}.Debug|Any CPU.ActiveCfg = Debug|Any CPU
		{7BBD95CD-288A-4BC7-9A03-DA97A2747D3C}.Debug|Any CPU.Build.0 = Debug|Any CPU
		{7BBD95CD-288A-4BC7-9A03-DA97A2747D3C}.Debug|Mixed Platforms.ActiveCfg = Debug|Any CPU
		{7BBD95CD-288A-4BC7-9A03-DA97A2747D3C}.Debug|Mixed Platforms.Build.0 = Debug|Any CPU
		{7BBD95CD-288A-4BC7-9A03-DA97A2747D3C}.Debug|Win32.ActiveCfg = Debug|Any CPU
		{7BBD95CD-288A-4BC7-9A03-DA97A2747D3C}.Debug|x64.ActiveCfg = Debug|x64
		{7BBD95CD-288A-4BC7-9A03-DA97A2747D3C}.Debug|x86.ActiveCfg = Debug|Any CPU
		{7BBD95CD-288A-4BC7-9A03-DA97A2747D3C}.Release|Any CPU.ActiveCfg = Release|Any CPU
		{7BBD95CD-288A-4BC7-9A03-DA97A2747D3C}.Release|Any CPU.Build.0 = Release|Any CPU
		{7BBD95CD-288A-4BC7-9A03-DA97A2747D3C}.Release|Mixed Platforms.ActiveCfg = Release|Any CPU
		{7BBD95CD-288A-4BC7-9A03-DA97A2747D3C}.Release|Mixed Platforms.Build.0 = Release|Any CPU
		{7BBD95CD-288A-4BC7-9A03-DA97A2747D3C}.Release|Win32.ActiveCfg = Release|Any CPU
		{7BBD95CD-288A-4BC7-9A03-DA97A2747D3C}.Release|x64.ActiveCfg = Release|Any CPU
		{7BBD95CD-288A-4BC7-9A03-DA97A2747D3C}.Release|x86.ActiveCfg = Release|Any CPU
		{A976FA10-5944-4131-9718-3D259F9D5955}.Debug|Any CPU.ActiveCfg = Debug|Any CPU
		{A976FA10-5944-4131-9718-3D259F9D5955}.Debug|Any CPU.Build.0 = Debug|Any CPU
		{A976FA10-5944-4131-9718-3D259F9D5955}.Debug|Mixed Platforms.ActiveCfg = Debug|Any CPU
		{A976FA10-5944-4131-9718-3D259F9D5955}.Debug|Mixed Platforms.Build.0 = Debug|Any CPU
		{A976FA10-5944-4131-9718-3D259F9D5955}.Debug|Win32.ActiveCfg = Debug|Any CPU
		{A976FA10-5944-4131-9718-3D259F9D5955}.Debug|x64.ActiveCfg = Debug|x64
		{A976FA10-5944-4131-9718-3D259F9D5955}.Debug|x86.ActiveCfg = Debug|Any CPU
		{A976FA10-5944-4131-9718-3D259F9D5955}.Release|Any CPU.ActiveCfg = Release|Any CPU
		{A976FA10-5944-4131-9718-3D259F9D5955}.Release|Any CPU.Build.0 = Release|Any CPU
		{A976FA10-5944-4131-9718-3D259F9D5955}.Release|Mixed Platforms.ActiveCfg = Release|Any CPU
		{A976FA10-5944-4131-9718-3D259F9D5955}.Release|Mixed Platforms.Build.0 = Release|Any CPU
		{A976FA10-5944-4131-9718-3D259F9D5955}.Release|Win32.ActiveCfg = Release|Any CPU
		{A976FA10-5944-4131-9718-3D259F9D5955}.Release|x64.ActiveCfg = Release|Any CPU
		{A976FA10-5944-4131-9718-3D259F9D5955}.Release|x86.ActiveCfg = Release|Any CPU
		{89E2BD55-2A3C-48CA-B6A4-EA69981369EF}.Debug|Any CPU.ActiveCfg = Debug|Any CPU
		{89E2BD55-2A3C-48CA-B6A4-EA69981369EF}.Debug|Any CPU.Build.0 = Debug|Any CPU
		{89E2BD55-2A3C-48CA-B6A4-EA69981369EF}.Debug|Mixed Platforms.ActiveCfg = Debug|Any CPU
		{89E2BD55-2A3C-48CA-B6A4-EA69981369EF}.Debug|Mixed Platforms.Build.0 = Debug|Any CPU
		{89E2BD55-2A3C-48CA-B6A4-EA69981369EF}.Debug|Win32.ActiveCfg = Debug|Any CPU
		{89E2BD55-2A3C-48CA-B6A4-EA69981369EF}.Debug|x64.ActiveCfg = Debug|x64
		{89E2BD55-2A3C-48CA-B6A4-EA69981369EF}.Debug|x86.ActiveCfg = Debug|Any CPU
		{89E2BD55-2A3C-48CA-B6A4-EA69981369EF}.Release|Any CPU.ActiveCfg = Release|Any CPU
		{89E2BD55-2A3C-48CA-B6A4-EA69981369EF}.Release|Any CPU.Build.0 = Release|Any CPU
		{89E2BD55-2A3C-48CA-B6A4-EA69981369EF}.Release|Mixed Platforms.ActiveCfg = Release|Any CPU
		{89E2BD55-2A3C-48CA-B6A4-EA69981369EF}.Release|Mixed Platforms.Build.0 = Release|Any CPU
		{89E2BD55-2A3C-48CA-B6A4-EA69981369EF}.Release|Win32.ActiveCfg = Release|Any CPU
		{89E2BD55-2A3C-48CA-B6A4-EA69981369EF}.Release|x64.ActiveCfg = Release|Any CPU
		{89E2BD55-2A3C-48CA-B6A4-EA69981369EF}.Release|x86.ActiveCfg = Release|Any CPU
		{60BFE5FE-1A54-4751-9951-449FD3312EDD}.Debug|Any CPU.ActiveCfg = Debug|Any CPU
		{60BFE5FE-1A54-4751-9951-449FD3312EDD}.Debug|Any CPU.Build.0 = Debug|Any CPU
		{60BFE5FE-1A54-4751-9951-449FD3312EDD}.Debug|Mixed Platforms.ActiveCfg = Debug|Any CPU
		{60BFE5FE-1A54-4751-9951-449FD3312EDD}.Debug|Mixed Platforms.Build.0 = Debug|Any CPU
		{60BFE5FE-1A54-4751-9951-449FD3312EDD}.Debug|Win32.ActiveCfg = Debug|Any CPU
		{60BFE5FE-1A54-4751-9951-449FD3312EDD}.Debug|x64.ActiveCfg = Debug|x64
		{60BFE5FE-1A54-4751-9951-449FD3312EDD}.Debug|x86.ActiveCfg = Debug|Any CPU
		{60BFE5FE-1A54-4751-9951-449FD3312EDD}.Release|Any CPU.ActiveCfg = Release|Any CPU
		{60BFE5FE-1A54-4751-9951-449FD3312EDD}.Release|Any CPU.Build.0 = Release|Any CPU
		{60BFE5FE-1A54-4751-9951-449FD3312EDD}.Release|Mixed Platforms.ActiveCfg = Release|Any CPU
		{60BFE5FE-1A54-4751-9951-449FD3312EDD}.Release|Mixed Platforms.Build.0 = Release|Any CPU
		{60BFE5FE-1A54-4751-9951-449FD3312EDD}.Release|Win32.ActiveCfg = Release|Any CPU
		{60BFE5FE-1A54-4751-9951-449FD3312EDD}.Release|x64.ActiveCfg = Release|Any CPU
		{60BFE5FE-1A54-4751-9951-449FD3312EDD}.Release|x86.ActiveCfg = Release|Any CPU
		{16783760-DD7A-4FA1-883F-44DBC6537E4E}.Debug|Any CPU.ActiveCfg = Debug|Any CPU
		{16783760-DD7A-4FA1-883F-44DBC6537E4E}.Debug|Any CPU.Build.0 = Debug|Any CPU
		{16783760-DD7A-4FA1-883F-44DBC6537E4E}.Debug|Mixed Platforms.ActiveCfg = Debug|Any CPU
		{16783760-DD7A-4FA1-883F-44DBC6537E4E}.Debug|Mixed Platforms.Build.0 = Debug|Any CPU
		{16783760-DD7A-4FA1-883F-44DBC6537E4E}.Debug|Win32.ActiveCfg = Debug|Any CPU
		{16783760-DD7A-4FA1-883F-44DBC6537E4E}.Debug|x64.ActiveCfg = Debug|x64
		{16783760-DD7A-4FA1-883F-44DBC6537E4E}.Debug|x86.ActiveCfg = Debug|Any CPU
		{16783760-DD7A-4FA1-883F-44DBC6537E4E}.Release|Any CPU.ActiveCfg = Release|Any CPU
		{16783760-DD7A-4FA1-883F-44DBC6537E4E}.Release|Any CPU.Build.0 = Release|Any CPU
		{16783760-DD7A-4FA1-883F-44DBC6537E4E}.Release|Mixed Platforms.ActiveCfg = Release|Any CPU
		{16783760-DD7A-4FA1-883F-44DBC6537E4E}.Release|Mixed Platforms.Build.0 = Release|Any CPU
		{16783760-DD7A-4FA1-883F-44DBC6537E4E}.Release|Win32.ActiveCfg = Release|Any CPU
		{16783760-DD7A-4FA1-883F-44DBC6537E4E}.Release|x64.ActiveCfg = Release|Any CPU
		{16783760-DD7A-4FA1-883F-44DBC6537E4E}.Release|x86.ActiveCfg = Release|Any CPU
		{18C5A6A9-733F-46B5-BB90-3BF588F46D82}.Debug|Any CPU.ActiveCfg = Debug|Any CPU
		{18C5A6A9-733F-46B5-BB90-3BF588F46D82}.Debug|Any CPU.Build.0 = Debug|Any CPU
		{18C5A6A9-733F-46B5-BB90-3BF588F46D82}.Debug|Mixed Platforms.ActiveCfg = Debug|Any CPU
		{18C5A6A9-733F-46B5-BB90-3BF588F46D82}.Debug|Mixed Platforms.Build.0 = Debug|Any CPU
		{18C5A6A9-733F-46B5-BB90-3BF588F46D82}.Debug|Win32.ActiveCfg = Debug|Any CPU
		{18C5A6A9-733F-46B5-BB90-3BF588F46D82}.Debug|x64.ActiveCfg = Debug|x64
		{18C5A6A9-733F-46B5-BB90-3BF588F46D82}.Debug|x86.ActiveCfg = Debug|Any CPU
		{18C5A6A9-733F-46B5-BB90-3BF588F46D82}.Release|Any CPU.ActiveCfg = Release|Any CPU
		{18C5A6A9-733F-46B5-BB90-3BF588F46D82}.Release|Any CPU.Build.0 = Release|Any CPU
		{18C5A6A9-733F-46B5-BB90-3BF588F46D82}.Release|Mixed Platforms.ActiveCfg = Release|Any CPU
		{18C5A6A9-733F-46B5-BB90-3BF588F46D82}.Release|Mixed Platforms.Build.0 = Release|Any CPU
		{18C5A6A9-733F-46B5-BB90-3BF588F46D82}.Release|Win32.ActiveCfg = Release|Any CPU
		{18C5A6A9-733F-46B5-BB90-3BF588F46D82}.Release|x64.ActiveCfg = Release|Any CPU
		{18C5A6A9-733F-46B5-BB90-3BF588F46D82}.Release|x86.ActiveCfg = Release|Any CPU
		{668378EE-CE59-4EB5-A8E4-125A48E0E298}.Debug|Any CPU.ActiveCfg = Debug|Any CPU
		{668378EE-CE59-4EB5-A8E4-125A48E0E298}.Debug|Any CPU.Build.0 = Debug|Any CPU
		{668378EE-CE59-4EB5-A8E4-125A48E0E298}.Debug|Mixed Platforms.ActiveCfg = Debug|Any CPU
		{668378EE-CE59-4EB5-A8E4-125A48E0E298}.Debug|Mixed Platforms.Build.0 = Debug|Any CPU
		{668378EE-CE59-4EB5-A8E4-125A48E0E298}.Debug|Win32.ActiveCfg = Debug|Any CPU
		{668378EE-CE59-4EB5-A8E4-125A48E0E298}.Debug|x64.ActiveCfg = Debug|x64
		{668378EE-CE59-4EB5-A8E4-125A48E0E298}.Debug|x86.ActiveCfg = Debug|Any CPU
		{668378EE-CE59-4EB5-A8E4-125A48E0E298}.Release|Any CPU.ActiveCfg = Release|Any CPU
		{668378EE-CE59-4EB5-A8E4-125A48E0E298}.Release|Any CPU.Build.0 = Release|Any CPU
		{668378EE-CE59-4EB5-A8E4-125A48E0E298}.Release|Mixed Platforms.ActiveCfg = Release|Any CPU
		{668378EE-CE59-4EB5-A8E4-125A48E0E298}.Release|Mixed Platforms.Build.0 = Release|Any CPU
		{668378EE-CE59-4EB5-A8E4-125A48E0E298}.Release|Win32.ActiveCfg = Release|Any CPU
		{668378EE-CE59-4EB5-A8E4-125A48E0E298}.Release|x64.ActiveCfg = Release|Any CPU
		{668378EE-CE59-4EB5-A8E4-125A48E0E298}.Release|x86.ActiveCfg = Release|Any CPU
		{5030DC0F-D7BA-467E-8DF9-5DABC8AF5BBC}.Debug|Any CPU.ActiveCfg = Debug|Any CPU
		{5030DC0F-D7BA-467E-8DF9-5DABC8AF5BBC}.Debug|Any CPU.Build.0 = Debug|Any CPU
		{5030DC0F-D7BA-467E-8DF9-5DABC8AF5BBC}.Debug|Mixed Platforms.ActiveCfg = Debug|Any CPU
		{5030DC0F-D7BA-467E-8DF9-5DABC8AF5BBC}.Debug|Mixed Platforms.Build.0 = Debug|Any CPU
		{5030DC0F-D7BA-467E-8DF9-5DABC8AF5BBC}.Debug|Win32.ActiveCfg = Debug|Any CPU
		{5030DC0F-D7BA-467E-8DF9-5DABC8AF5BBC}.Debug|x64.ActiveCfg = Debug|x64
		{5030DC0F-D7BA-467E-8DF9-5DABC8AF5BBC}.Debug|x86.ActiveCfg = Debug|Any CPU
		{5030DC0F-D7BA-467E-8DF9-5DABC8AF5BBC}.Release|Any CPU.ActiveCfg = Release|Any CPU
		{5030DC0F-D7BA-467E-8DF9-5DABC8AF5BBC}.Release|Any CPU.Build.0 = Release|Any CPU
		{5030DC0F-D7BA-467E-8DF9-5DABC8AF5BBC}.Release|Mixed Platforms.ActiveCfg = Release|Any CPU
		{5030DC0F-D7BA-467E-8DF9-5DABC8AF5BBC}.Release|Mixed Platforms.Build.0 = Release|Any CPU
		{5030DC0F-D7BA-467E-8DF9-5DABC8AF5BBC}.Release|Win32.ActiveCfg = Release|Any CPU
		{5030DC0F-D7BA-467E-8DF9-5DABC8AF5BBC}.Release|x64.ActiveCfg = Release|Any CPU
		{5030DC0F-D7BA-467E-8DF9-5DABC8AF5BBC}.Release|x86.ActiveCfg = Release|Any CPU
		{03D44D4B-3A23-4280-8759-F80DA958F553}.Debug|Any CPU.ActiveCfg = Debug|Any CPU
		{03D44D4B-3A23-4280-8759-F80DA958F553}.Debug|Any CPU.Build.0 = Debug|Any CPU
		{03D44D4B-3A23-4280-8759-F80DA958F553}.Debug|Mixed Platforms.ActiveCfg = Debug|Any CPU
		{03D44D4B-3A23-4280-8759-F80DA958F553}.Debug|Mixed Platforms.Build.0 = Debug|Any CPU
		{03D44D4B-3A23-4280-8759-F80DA958F553}.Debug|Win32.ActiveCfg = Debug|Any CPU
		{03D44D4B-3A23-4280-8759-F80DA958F553}.Debug|x64.ActiveCfg = Debug|x64
		{03D44D4B-3A23-4280-8759-F80DA958F553}.Debug|x86.ActiveCfg = Debug|Any CPU
		{03D44D4B-3A23-4280-8759-F80DA958F553}.Release|Any CPU.ActiveCfg = Release|Any CPU
		{03D44D4B-3A23-4280-8759-F80DA958F553}.Release|Any CPU.Build.0 = Release|Any CPU
		{03D44D4B-3A23-4280-8759-F80DA958F553}.Release|Mixed Platforms.ActiveCfg = Release|Any CPU
		{03D44D4B-3A23-4280-8759-F80DA958F553}.Release|Mixed Platforms.Build.0 = Release|Any CPU
		{03D44D4B-3A23-4280-8759-F80DA958F553}.Release|Win32.ActiveCfg = Release|Any CPU
		{03D44D4B-3A23-4280-8759-F80DA958F553}.Release|x64.ActiveCfg = Release|Any CPU
		{03D44D4B-3A23-4280-8759-F80DA958F553}.Release|x86.ActiveCfg = Release|Any CPU
		{942696BA-253D-4321-A7B4-4579BF63B83C}.Debug|Any CPU.ActiveCfg = Debug|Any CPU
		{942696BA-253D-4321-A7B4-4579BF63B83C}.Debug|Any CPU.Build.0 = Debug|Any CPU
		{942696BA-253D-4321-A7B4-4579BF63B83C}.Debug|Mixed Platforms.ActiveCfg = Debug|Any CPU
		{942696BA-253D-4321-A7B4-4579BF63B83C}.Debug|Mixed Platforms.Build.0 = Debug|Any CPU
		{942696BA-253D-4321-A7B4-4579BF63B83C}.Debug|Win32.ActiveCfg = Debug|Any CPU
		{942696BA-253D-4321-A7B4-4579BF63B83C}.Debug|x64.ActiveCfg = Debug|x64
		{942696BA-253D-4321-A7B4-4579BF63B83C}.Debug|x86.ActiveCfg = Debug|Any CPU
		{942696BA-253D-4321-A7B4-4579BF63B83C}.Release|Any CPU.ActiveCfg = Release|Any CPU
		{942696BA-253D-4321-A7B4-4579BF63B83C}.Release|Any CPU.Build.0 = Release|Any CPU
		{942696BA-253D-4321-A7B4-4579BF63B83C}.Release|Mixed Platforms.ActiveCfg = Release|Any CPU
		{942696BA-253D-4321-A7B4-4579BF63B83C}.Release|Mixed Platforms.Build.0 = Release|Any CPU
		{942696BA-253D-4321-A7B4-4579BF63B83C}.Release|Win32.ActiveCfg = Release|Any CPU
		{942696BA-253D-4321-A7B4-4579BF63B83C}.Release|x64.ActiveCfg = Release|Any CPU
		{942696BA-253D-4321-A7B4-4579BF63B83C}.Release|x86.ActiveCfg = Release|Any CPU
		{272095A0-95D5-4014-B565-77729DF9B375}.Debug|Any CPU.ActiveCfg = Debug|Any CPU
		{272095A0-95D5-4014-B565-77729DF9B375}.Debug|Any CPU.Build.0 = Debug|Any CPU
		{272095A0-95D5-4014-B565-77729DF9B375}.Debug|Mixed Platforms.ActiveCfg = Debug|Any CPU
		{272095A0-95D5-4014-B565-77729DF9B375}.Debug|Mixed Platforms.Build.0 = Debug|Any CPU
		{272095A0-95D5-4014-B565-77729DF9B375}.Debug|Win32.ActiveCfg = Debug|Any CPU
		{272095A0-95D5-4014-B565-77729DF9B375}.Debug|x64.ActiveCfg = Debug|x64
		{272095A0-95D5-4014-B565-77729DF9B375}.Debug|x86.ActiveCfg = Debug|Any CPU
		{272095A0-95D5-4014-B565-77729DF9B375}.Release|Any CPU.ActiveCfg = Release|Any CPU
		{272095A0-95D5-4014-B565-77729DF9B375}.Release|Any CPU.Build.0 = Release|Any CPU
		{272095A0-95D5-4014-B565-77729DF9B375}.Release|Mixed Platforms.ActiveCfg = Release|Any CPU
		{272095A0-95D5-4014-B565-77729DF9B375}.Release|Mixed Platforms.Build.0 = Release|Any CPU
		{272095A0-95D5-4014-B565-77729DF9B375}.Release|Win32.ActiveCfg = Release|Any CPU
		{272095A0-95D5-4014-B565-77729DF9B375}.Release|x64.ActiveCfg = Release|Any CPU
		{272095A0-95D5-4014-B565-77729DF9B375}.Release|x86.ActiveCfg = Release|Any CPU
		{B2FA892C-4FF6-4D0C-9596-CEA89B925876}.Debug|Any CPU.ActiveCfg = Debug|Any CPU
		{B2FA892C-4FF6-4D0C-9596-CEA89B925876}.Debug|Any CPU.Build.0 = Debug|Any CPU
		{B2FA892C-4FF6-4D0C-9596-CEA89B925876}.Debug|Mixed Platforms.ActiveCfg = Debug|Any CPU
		{B2FA892C-4FF6-4D0C-9596-CEA89B925876}.Debug|Mixed Platforms.Build.0 = Debug|Any CPU
		{B2FA892C-4FF6-4D0C-9596-CEA89B925876}.Debug|Win32.ActiveCfg = Debug|Any CPU
		{B2FA892C-4FF6-4D0C-9596-CEA89B925876}.Debug|x64.ActiveCfg = Debug|x64
		{B2FA892C-4FF6-4D0C-9596-CEA89B925876}.Debug|x86.ActiveCfg = Debug|Any CPU
		{B2FA892C-4FF6-4D0C-9596-CEA89B925876}.Release|Any CPU.ActiveCfg = Release|Any CPU
		{B2FA892C-4FF6-4D0C-9596-CEA89B925876}.Release|Any CPU.Build.0 = Release|Any CPU
		{B2FA892C-4FF6-4D0C-9596-CEA89B925876}.Release|Mixed Platforms.ActiveCfg = Release|Any CPU
		{B2FA892C-4FF6-4D0C-9596-CEA89B925876}.Release|Mixed Platforms.Build.0 = Release|Any CPU
		{B2FA892C-4FF6-4D0C-9596-CEA89B925876}.Release|Win32.ActiveCfg = Release|Any CPU
		{B2FA892C-4FF6-4D0C-9596-CEA89B925876}.Release|x64.ActiveCfg = Release|Any CPU
		{B2FA892C-4FF6-4D0C-9596-CEA89B925876}.Release|x86.ActiveCfg = Release|Any CPU
		{22F78DD2-7B2F-4B1E-990C-1DFF8C2766B5}.Debug|Any CPU.ActiveCfg = Debug|Any CPU
		{22F78DD2-7B2F-4B1E-990C-1DFF8C2766B5}.Debug|Any CPU.Build.0 = Debug|Any CPU
		{22F78DD2-7B2F-4B1E-990C-1DFF8C2766B5}.Debug|Mixed Platforms.ActiveCfg = Debug|Any CPU
		{22F78DD2-7B2F-4B1E-990C-1DFF8C2766B5}.Debug|Mixed Platforms.Build.0 = Debug|Any CPU
		{22F78DD2-7B2F-4B1E-990C-1DFF8C2766B5}.Debug|Win32.ActiveCfg = Debug|Any CPU
		{22F78DD2-7B2F-4B1E-990C-1DFF8C2766B5}.Debug|x64.ActiveCfg = Debug|x64
		{22F78DD2-7B2F-4B1E-990C-1DFF8C2766B5}.Debug|x86.ActiveCfg = Debug|Any CPU
		{22F78DD2-7B2F-4B1E-990C-1DFF8C2766B5}.Release|Any CPU.ActiveCfg = Release|Any CPU
		{22F78DD2-7B2F-4B1E-990C-1DFF8C2766B5}.Release|Any CPU.Build.0 = Release|Any CPU
		{22F78DD2-7B2F-4B1E-990C-1DFF8C2766B5}.Release|Mixed Platforms.ActiveCfg = Release|Any CPU
		{22F78DD2-7B2F-4B1E-990C-1DFF8C2766B5}.Release|Mixed Platforms.Build.0 = Release|Any CPU
		{22F78DD2-7B2F-4B1E-990C-1DFF8C2766B5}.Release|Win32.ActiveCfg = Release|Any CPU
		{22F78DD2-7B2F-4B1E-990C-1DFF8C2766B5}.Release|x64.ActiveCfg = Release|Any CPU
		{22F78DD2-7B2F-4B1E-990C-1DFF8C2766B5}.Release|x86.ActiveCfg = Release|Any CPU
		{F2134F94-42E6-4D34-BDCD-BACA9176F347}.Debug|Any CPU.ActiveCfg = Debug|Any CPU
		{F2134F94-42E6-4D34-BDCD-BACA9176F347}.Debug|Any CPU.Build.0 = Debug|Any CPU
		{F2134F94-42E6-4D34-BDCD-BACA9176F347}.Debug|Mixed Platforms.ActiveCfg = Debug|Any CPU
		{F2134F94-42E6-4D34-BDCD-BACA9176F347}.Debug|Mixed Platforms.Build.0 = Debug|Any CPU
		{F2134F94-42E6-4D34-BDCD-BACA9176F347}.Debug|Win32.ActiveCfg = Debug|Any CPU
		{F2134F94-42E6-4D34-BDCD-BACA9176F347}.Debug|x64.ActiveCfg = Debug|x64
		{F2134F94-42E6-4D34-BDCD-BACA9176F347}.Debug|x86.ActiveCfg = Debug|Any CPU
		{F2134F94-42E6-4D34-BDCD-BACA9176F347}.Release|Any CPU.ActiveCfg = Release|Any CPU
		{F2134F94-42E6-4D34-BDCD-BACA9176F347}.Release|Any CPU.Build.0 = Release|Any CPU
		{F2134F94-42E6-4D34-BDCD-BACA9176F347}.Release|Mixed Platforms.ActiveCfg = Release|Any CPU
		{F2134F94-42E6-4D34-BDCD-BACA9176F347}.Release|Mixed Platforms.Build.0 = Release|Any CPU
		{F2134F94-42E6-4D34-BDCD-BACA9176F347}.Release|Win32.ActiveCfg = Release|Any CPU
		{F2134F94-42E6-4D34-BDCD-BACA9176F347}.Release|x64.ActiveCfg = Release|Any CPU
		{F2134F94-42E6-4D34-BDCD-BACA9176F347}.Release|x86.ActiveCfg = Release|Any CPU
		{A16A4A8A-15E0-4152-8EE3-4BBA1FEFE772}.Debug|Any CPU.ActiveCfg = Debug|Any CPU
		{A16A4A8A-15E0-4152-8EE3-4BBA1FEFE772}.Debug|Any CPU.Build.0 = Debug|Any CPU
		{A16A4A8A-15E0-4152-8EE3-4BBA1FEFE772}.Debug|Mixed Platforms.ActiveCfg = Debug|Any CPU
		{A16A4A8A-15E0-4152-8EE3-4BBA1FEFE772}.Debug|Mixed Platforms.Build.0 = Debug|Any CPU
		{A16A4A8A-15E0-4152-8EE3-4BBA1FEFE772}.Debug|Win32.ActiveCfg = Debug|Any CPU
		{A16A4A8A-15E0-4152-8EE3-4BBA1FEFE772}.Debug|x64.ActiveCfg = Debug|x64
		{A16A4A8A-15E0-4152-8EE3-4BBA1FEFE772}.Debug|x86.ActiveCfg = Debug|Any CPU
		{A16A4A8A-15E0-4152-8EE3-4BBA1FEFE772}.Release|Any CPU.ActiveCfg = Release|Any CPU
		{A16A4A8A-15E0-4152-8EE3-4BBA1FEFE772}.Release|Any CPU.Build.0 = Release|Any CPU
		{A16A4A8A-15E0-4152-8EE3-4BBA1FEFE772}.Release|Mixed Platforms.ActiveCfg = Release|Any CPU
		{A16A4A8A-15E0-4152-8EE3-4BBA1FEFE772}.Release|Mixed Platforms.Build.0 = Release|Any CPU
		{A16A4A8A-15E0-4152-8EE3-4BBA1FEFE772}.Release|Win32.ActiveCfg = Release|Any CPU
		{A16A4A8A-15E0-4152-8EE3-4BBA1FEFE772}.Release|x64.ActiveCfg = Release|Any CPU
		{A16A4A8A-15E0-4152-8EE3-4BBA1FEFE772}.Release|x86.ActiveCfg = Release|Any CPU
		{7FA5A184-FDA6-41AA-AC46-4B2966818769}.Debug|Any CPU.ActiveCfg = Debug|Any CPU
		{7FA5A184-FDA6-41AA-AC46-4B2966818769}.Debug|Any CPU.Build.0 = Debug|Any CPU
		{7FA5A184-FDA6-41AA-AC46-4B2966818769}.Debug|Mixed Platforms.ActiveCfg = Debug|Any CPU
		{7FA5A184-FDA6-41AA-AC46-4B2966818769}.Debug|Mixed Platforms.Build.0 = Debug|Any CPU
		{7FA5A184-FDA6-41AA-AC46-4B2966818769}.Debug|Win32.ActiveCfg = Debug|Any CPU
		{7FA5A184-FDA6-41AA-AC46-4B2966818769}.Debug|x64.ActiveCfg = Debug|x64
		{7FA5A184-FDA6-41AA-AC46-4B2966818769}.Debug|x86.ActiveCfg = Debug|Any CPU
		{7FA5A184-FDA6-41AA-AC46-4B2966818769}.Release|Any CPU.ActiveCfg = Release|Any CPU
		{7FA5A184-FDA6-41AA-AC46-4B2966818769}.Release|Any CPU.Build.0 = Release|Any CPU
		{7FA5A184-FDA6-41AA-AC46-4B2966818769}.Release|Mixed Platforms.ActiveCfg = Release|Any CPU
		{7FA5A184-FDA6-41AA-AC46-4B2966818769}.Release|Mixed Platforms.Build.0 = Release|Any CPU
		{7FA5A184-FDA6-41AA-AC46-4B2966818769}.Release|Win32.ActiveCfg = Release|Any CPU
		{7FA5A184-FDA6-41AA-AC46-4B2966818769}.Release|x64.ActiveCfg = Release|Any CPU
		{7FA5A184-FDA6-41AA-AC46-4B2966818769}.Release|x86.ActiveCfg = Release|Any CPU
		{A609B775-4826-4217-8697-25C2235C0135}.Debug|Any CPU.ActiveCfg = Debug|Any CPU
		{A609B775-4826-4217-8697-25C2235C0135}.Debug|Any CPU.Build.0 = Debug|Any CPU
		{A609B775-4826-4217-8697-25C2235C0135}.Debug|Mixed Platforms.ActiveCfg = Debug|Any CPU
		{A609B775-4826-4217-8697-25C2235C0135}.Debug|Mixed Platforms.Build.0 = Debug|Any CPU
		{A609B775-4826-4217-8697-25C2235C0135}.Debug|Win32.ActiveCfg = Debug|Any CPU
		{A609B775-4826-4217-8697-25C2235C0135}.Debug|x64.ActiveCfg = Debug|x64
		{A609B775-4826-4217-8697-25C2235C0135}.Debug|x86.ActiveCfg = Debug|Any CPU
		{A609B775-4826-4217-8697-25C2235C0135}.Release|Any CPU.ActiveCfg = Release|Any CPU
		{A609B775-4826-4217-8697-25C2235C0135}.Release|Any CPU.Build.0 = Release|Any CPU
		{A609B775-4826-4217-8697-25C2235C0135}.Release|Mixed Platforms.ActiveCfg = Release|Any CPU
		{A609B775-4826-4217-8697-25C2235C0135}.Release|Mixed Platforms.Build.0 = Release|Any CPU
		{A609B775-4826-4217-8697-25C2235C0135}.Release|Win32.ActiveCfg = Release|Any CPU
		{A609B775-4826-4217-8697-25C2235C0135}.Release|x64.ActiveCfg = Release|Any CPU
		{A609B775-4826-4217-8697-25C2235C0135}.Release|x86.ActiveCfg = Release|Any CPU
		{6514F96F-A8C3-424B-9957-333D0337A840}.Debug|Any CPU.ActiveCfg = Debug|Any CPU
		{6514F96F-A8C3-424B-9957-333D0337A840}.Debug|Any CPU.Build.0 = Debug|Any CPU
		{6514F96F-A8C3-424B-9957-333D0337A840}.Debug|Mixed Platforms.ActiveCfg = Debug|Any CPU
		{6514F96F-A8C3-424B-9957-333D0337A840}.Debug|Mixed Platforms.Build.0 = Debug|Any CPU
		{6514F96F-A8C3-424B-9957-333D0337A840}.Debug|Win32.ActiveCfg = Debug|Any CPU
		{6514F96F-A8C3-424B-9957-333D0337A840}.Debug|x64.ActiveCfg = Debug|x64
		{6514F96F-A8C3-424B-9957-333D0337A840}.Debug|x86.ActiveCfg = Debug|Any CPU
		{6514F96F-A8C3-424B-9957-333D0337A840}.Release|Any CPU.ActiveCfg = Release|Any CPU
		{6514F96F-A8C3-424B-9957-333D0337A840}.Release|Any CPU.Build.0 = Release|Any CPU
		{6514F96F-A8C3-424B-9957-333D0337A840}.Release|Mixed Platforms.ActiveCfg = Release|Any CPU
		{6514F96F-A8C3-424B-9957-333D0337A840}.Release|Mixed Platforms.Build.0 = Release|Any CPU
		{6514F96F-A8C3-424B-9957-333D0337A840}.Release|Win32.ActiveCfg = Release|Any CPU
		{6514F96F-A8C3-424B-9957-333D0337A840}.Release|x64.ActiveCfg = Release|Any CPU
		{6514F96F-A8C3-424B-9957-333D0337A840}.Release|x86.ActiveCfg = Release|Any CPU
		{4F1D36F2-E409-4BD7-A4F2-062D5A250009}.Debug|Any CPU.ActiveCfg = Debug|Any CPU
		{4F1D36F2-E409-4BD7-A4F2-062D5A250009}.Debug|Any CPU.Build.0 = Debug|Any CPU
		{4F1D36F2-E409-4BD7-A4F2-062D5A250009}.Debug|Mixed Platforms.ActiveCfg = Debug|Any CPU
		{4F1D36F2-E409-4BD7-A4F2-062D5A250009}.Debug|Mixed Platforms.Build.0 = Debug|Any CPU
		{4F1D36F2-E409-4BD7-A4F2-062D5A250009}.Debug|Win32.ActiveCfg = Debug|Any CPU
		{4F1D36F2-E409-4BD7-A4F2-062D5A250009}.Debug|x64.ActiveCfg = Debug|x64
		{4F1D36F2-E409-4BD7-A4F2-062D5A250009}.Debug|x86.ActiveCfg = Debug|Any CPU
		{4F1D36F2-E409-4BD7-A4F2-062D5A250009}.Release|Any CPU.ActiveCfg = Release|Any CPU
		{4F1D36F2-E409-4BD7-A4F2-062D5A250009}.Release|Any CPU.Build.0 = Release|Any CPU
		{4F1D36F2-E409-4BD7-A4F2-062D5A250009}.Release|Mixed Platforms.ActiveCfg = Release|Any CPU
		{4F1D36F2-E409-4BD7-A4F2-062D5A250009}.Release|Mixed Platforms.Build.0 = Release|Any CPU
		{4F1D36F2-E409-4BD7-A4F2-062D5A250009}.Release|Win32.ActiveCfg = Release|Any CPU
		{4F1D36F2-E409-4BD7-A4F2-062D5A250009}.Release|x64.ActiveCfg = Release|Any CPU
		{4F1D36F2-E409-4BD7-A4F2-062D5A250009}.Release|x86.ActiveCfg = Release|Any CPU
		{0E500C68-6977-429D-8EFB-FD327DD01529}.Debug|Any CPU.ActiveCfg = Debug|Any CPU
		{0E500C68-6977-429D-8EFB-FD327DD01529}.Debug|Any CPU.Build.0 = Debug|Any CPU
		{0E500C68-6977-429D-8EFB-FD327DD01529}.Debug|Mixed Platforms.ActiveCfg = Debug|Any CPU
		{0E500C68-6977-429D-8EFB-FD327DD01529}.Debug|Mixed Platforms.Build.0 = Debug|Any CPU
		{0E500C68-6977-429D-8EFB-FD327DD01529}.Debug|Win32.ActiveCfg = Debug|Any CPU
		{0E500C68-6977-429D-8EFB-FD327DD01529}.Debug|x64.ActiveCfg = Debug|x64
		{0E500C68-6977-429D-8EFB-FD327DD01529}.Debug|x86.ActiveCfg = Debug|Any CPU
		{0E500C68-6977-429D-8EFB-FD327DD01529}.Release|Any CPU.ActiveCfg = Release|Any CPU
		{0E500C68-6977-429D-8EFB-FD327DD01529}.Release|Any CPU.Build.0 = Release|Any CPU
		{0E500C68-6977-429D-8EFB-FD327DD01529}.Release|Mixed Platforms.ActiveCfg = Release|Any CPU
		{0E500C68-6977-429D-8EFB-FD327DD01529}.Release|Mixed Platforms.Build.0 = Release|Any CPU
		{0E500C68-6977-429D-8EFB-FD327DD01529}.Release|Win32.ActiveCfg = Release|Any CPU
		{0E500C68-6977-429D-8EFB-FD327DD01529}.Release|x64.ActiveCfg = Release|Any CPU
		{0E500C68-6977-429D-8EFB-FD327DD01529}.Release|x86.ActiveCfg = Release|Any CPU
		{924A8A11-C690-41F4-8969-5635D83A0BE2}.Debug|Any CPU.ActiveCfg = Debug|x86
		{924A8A11-C690-41F4-8969-5635D83A0BE2}.Debug|Mixed Platforms.ActiveCfg = Debug|x86
		{924A8A11-C690-41F4-8969-5635D83A0BE2}.Debug|Mixed Platforms.Build.0 = Debug|x86
		{924A8A11-C690-41F4-8969-5635D83A0BE2}.Debug|Win32.ActiveCfg = Debug|x86
		{924A8A11-C690-41F4-8969-5635D83A0BE2}.Debug|x64.ActiveCfg = Debug|x64
		{924A8A11-C690-41F4-8969-5635D83A0BE2}.Debug|x86.ActiveCfg = Debug|x86
		{924A8A11-C690-41F4-8969-5635D83A0BE2}.Debug|x86.Build.0 = Debug|x86
		{924A8A11-C690-41F4-8969-5635D83A0BE2}.Release|Any CPU.ActiveCfg = Release|x86
		{924A8A11-C690-41F4-8969-5635D83A0BE2}.Release|Mixed Platforms.ActiveCfg = Release|x86
		{924A8A11-C690-41F4-8969-5635D83A0BE2}.Release|Mixed Platforms.Build.0 = Release|x86
		{924A8A11-C690-41F4-8969-5635D83A0BE2}.Release|Win32.ActiveCfg = Release|x86
		{924A8A11-C690-41F4-8969-5635D83A0BE2}.Release|x64.ActiveCfg = Release|x86
		{924A8A11-C690-41F4-8969-5635D83A0BE2}.Release|x86.ActiveCfg = Release|x86
		{924A8A11-C690-41F4-8969-5635D83A0BE2}.Release|x86.Build.0 = Release|x86
		{6C9C5655-7A78-483D-B52B-D38D06898328}.Debug|Any CPU.ActiveCfg = Debug|x86
		{6C9C5655-7A78-483D-B52B-D38D06898328}.Debug|Mixed Platforms.ActiveCfg = Debug|x86
		{6C9C5655-7A78-483D-B52B-D38D06898328}.Debug|Mixed Platforms.Build.0 = Debug|x86
		{6C9C5655-7A78-483D-B52B-D38D06898328}.Debug|Win32.ActiveCfg = Debug|x86
		{6C9C5655-7A78-483D-B52B-D38D06898328}.Debug|x64.ActiveCfg = Debug|x64
		{6C9C5655-7A78-483D-B52B-D38D06898328}.Debug|x86.ActiveCfg = Debug|x86
		{6C9C5655-7A78-483D-B52B-D38D06898328}.Debug|x86.Build.0 = Debug|x86
		{6C9C5655-7A78-483D-B52B-D38D06898328}.Release|Any CPU.ActiveCfg = Release|x86
		{6C9C5655-7A78-483D-B52B-D38D06898328}.Release|Mixed Platforms.ActiveCfg = Release|x86
		{6C9C5655-7A78-483D-B52B-D38D06898328}.Release|Mixed Platforms.Build.0 = Release|x86
		{6C9C5655-7A78-483D-B52B-D38D06898328}.Release|Win32.ActiveCfg = Release|x86
		{6C9C5655-7A78-483D-B52B-D38D06898328}.Release|x64.ActiveCfg = Release|x86
		{6C9C5655-7A78-483D-B52B-D38D06898328}.Release|x86.ActiveCfg = Release|x86
		{6C9C5655-7A78-483D-B52B-D38D06898328}.Release|x86.Build.0 = Release|x86
		{7C1CDE67-A624-4316-800D-E77DD7B24BEE}.Debug|Any CPU.ActiveCfg = Debug|Any CPU
		{7C1CDE67-A624-4316-800D-E77DD7B24BEE}.Debug|Any CPU.Build.0 = Debug|Any CPU
		{7C1CDE67-A624-4316-800D-E77DD7B24BEE}.Debug|Mixed Platforms.ActiveCfg = Debug|Any CPU
		{7C1CDE67-A624-4316-800D-E77DD7B24BEE}.Debug|Mixed Platforms.Build.0 = Debug|Any CPU
		{7C1CDE67-A624-4316-800D-E77DD7B24BEE}.Debug|Win32.ActiveCfg = Debug|Any CPU
		{7C1CDE67-A624-4316-800D-E77DD7B24BEE}.Debug|x64.ActiveCfg = Debug|x64
		{7C1CDE67-A624-4316-800D-E77DD7B24BEE}.Debug|x86.ActiveCfg = Debug|Any CPU
		{7C1CDE67-A624-4316-800D-E77DD7B24BEE}.Release|Any CPU.ActiveCfg = Release|Any CPU
		{7C1CDE67-A624-4316-800D-E77DD7B24BEE}.Release|Any CPU.Build.0 = Release|Any CPU
		{7C1CDE67-A624-4316-800D-E77DD7B24BEE}.Release|Mixed Platforms.ActiveCfg = Release|Any CPU
		{7C1CDE67-A624-4316-800D-E77DD7B24BEE}.Release|Mixed Platforms.Build.0 = Release|Any CPU
		{7C1CDE67-A624-4316-800D-E77DD7B24BEE}.Release|Win32.ActiveCfg = Release|Any CPU
		{7C1CDE67-A624-4316-800D-E77DD7B24BEE}.Release|x64.ActiveCfg = Release|Any CPU
		{7C1CDE67-A624-4316-800D-E77DD7B24BEE}.Release|x86.ActiveCfg = Release|Any CPU
		{73EBF1DB-A7A2-4560-89E5-5EA5F4FB1D1A}.Debug|Any CPU.ActiveCfg = Debug|x86
		{73EBF1DB-A7A2-4560-89E5-5EA5F4FB1D1A}.Debug|Mixed Platforms.ActiveCfg = Debug|x86
		{73EBF1DB-A7A2-4560-89E5-5EA5F4FB1D1A}.Debug|Mixed Platforms.Build.0 = Debug|x86
		{73EBF1DB-A7A2-4560-89E5-5EA5F4FB1D1A}.Debug|Win32.ActiveCfg = Debug|x86
		{73EBF1DB-A7A2-4560-89E5-5EA5F4FB1D1A}.Debug|x64.ActiveCfg = Debug|x64
		{73EBF1DB-A7A2-4560-89E5-5EA5F4FB1D1A}.Debug|x86.ActiveCfg = Debug|x86
		{73EBF1DB-A7A2-4560-89E5-5EA5F4FB1D1A}.Debug|x86.Build.0 = Debug|x86
		{73EBF1DB-A7A2-4560-89E5-5EA5F4FB1D1A}.Release|Any CPU.ActiveCfg = Release|x86
		{73EBF1DB-A7A2-4560-89E5-5EA5F4FB1D1A}.Release|Mixed Platforms.ActiveCfg = Release|x86
		{73EBF1DB-A7A2-4560-89E5-5EA5F4FB1D1A}.Release|Mixed Platforms.Build.0 = Release|x86
		{73EBF1DB-A7A2-4560-89E5-5EA5F4FB1D1A}.Release|Win32.ActiveCfg = Release|x86
		{73EBF1DB-A7A2-4560-89E5-5EA5F4FB1D1A}.Release|x64.ActiveCfg = Release|x86
		{73EBF1DB-A7A2-4560-89E5-5EA5F4FB1D1A}.Release|x86.ActiveCfg = Release|x86
		{73EBF1DB-A7A2-4560-89E5-5EA5F4FB1D1A}.Release|x86.Build.0 = Release|x86
		{C1EBD13C-B99C-4FA8-86E4-A5E9B8A3F389}.Debug|Any CPU.ActiveCfg = Debug|x86
		{C1EBD13C-B99C-4FA8-86E4-A5E9B8A3F389}.Debug|Mixed Platforms.ActiveCfg = Debug|x86
		{C1EBD13C-B99C-4FA8-86E4-A5E9B8A3F389}.Debug|Mixed Platforms.Build.0 = Debug|x86
		{C1EBD13C-B99C-4FA8-86E4-A5E9B8A3F389}.Debug|Win32.ActiveCfg = Debug|x86
		{C1EBD13C-B99C-4FA8-86E4-A5E9B8A3F389}.Debug|x64.ActiveCfg = Debug|x64
		{C1EBD13C-B99C-4FA8-86E4-A5E9B8A3F389}.Debug|x86.ActiveCfg = Debug|x86
		{C1EBD13C-B99C-4FA8-86E4-A5E9B8A3F389}.Debug|x86.Build.0 = Debug|x86
		{C1EBD13C-B99C-4FA8-86E4-A5E9B8A3F389}.Release|Any CPU.ActiveCfg = Release|x86
		{C1EBD13C-B99C-4FA8-86E4-A5E9B8A3F389}.Release|Mixed Platforms.ActiveCfg = Release|x86
		{C1EBD13C-B99C-4FA8-86E4-A5E9B8A3F389}.Release|Mixed Platforms.Build.0 = Release|x86
		{C1EBD13C-B99C-4FA8-86E4-A5E9B8A3F389}.Release|Win32.ActiveCfg = Release|x86
		{C1EBD13C-B99C-4FA8-86E4-A5E9B8A3F389}.Release|x64.ActiveCfg = Release|x86
		{C1EBD13C-B99C-4FA8-86E4-A5E9B8A3F389}.Release|x86.ActiveCfg = Release|x86
		{C1EBD13C-B99C-4FA8-86E4-A5E9B8A3F389}.Release|x86.Build.0 = Release|x86
		{725E9C03-59AB-40A5-A3E4-A7B0E96CA7D4}.Debug|Any CPU.ActiveCfg = Debug|Win32
		{725E9C03-59AB-40A5-A3E4-A7B0E96CA7D4}.Debug|Mixed Platforms.ActiveCfg = Debug|Win32
		{725E9C03-59AB-40A5-A3E4-A7B0E96CA7D4}.Debug|Mixed Platforms.Build.0 = Debug|Win32
		{725E9C03-59AB-40A5-A3E4-A7B0E96CA7D4}.Debug|Win32.ActiveCfg = Debug|Win32
		{725E9C03-59AB-40A5-A3E4-A7B0E96CA7D4}.Debug|Win32.Build.0 = Debug|Win32
		{725E9C03-59AB-40A5-A3E4-A7B0E96CA7D4}.Debug|x64.ActiveCfg = Debug|x64
		{725E9C03-59AB-40A5-A3E4-A7B0E96CA7D4}.Debug|x86.ActiveCfg = Debug|Win32
		{725E9C03-59AB-40A5-A3E4-A7B0E96CA7D4}.Release|Any CPU.ActiveCfg = Release|Win32
		{725E9C03-59AB-40A5-A3E4-A7B0E96CA7D4}.Release|Mixed Platforms.ActiveCfg = Release|Win32
		{725E9C03-59AB-40A5-A3E4-A7B0E96CA7D4}.Release|Mixed Platforms.Build.0 = Release|Win32
		{725E9C03-59AB-40A5-A3E4-A7B0E96CA7D4}.Release|Win32.ActiveCfg = Release|Win32
		{725E9C03-59AB-40A5-A3E4-A7B0E96CA7D4}.Release|Win32.Build.0 = Release|Win32
		{725E9C03-59AB-40A5-A3E4-A7B0E96CA7D4}.Release|x64.ActiveCfg = Release|Win32
		{725E9C03-59AB-40A5-A3E4-A7B0E96CA7D4}.Release|x86.ActiveCfg = Release|Win32
		{59AEBBAC-1AFC-493B-9CBA-158399B6E13A}.Debug|Any CPU.ActiveCfg = Debug|x86
		{59AEBBAC-1AFC-493B-9CBA-158399B6E13A}.Debug|Mixed Platforms.ActiveCfg = Debug|x86
		{59AEBBAC-1AFC-493B-9CBA-158399B6E13A}.Debug|Mixed Platforms.Build.0 = Debug|x86
		{59AEBBAC-1AFC-493B-9CBA-158399B6E13A}.Debug|Win32.ActiveCfg = Debug|x86
		{59AEBBAC-1AFC-493B-9CBA-158399B6E13A}.Debug|x64.ActiveCfg = Debug|x86
		{59AEBBAC-1AFC-493B-9CBA-158399B6E13A}.Debug|x86.ActiveCfg = Debug|x86
		{59AEBBAC-1AFC-493B-9CBA-158399B6E13A}.Debug|x86.Build.0 = Debug|x86
		{59AEBBAC-1AFC-493B-9CBA-158399B6E13A}.Release|Any CPU.ActiveCfg = Release|x86
		{59AEBBAC-1AFC-493B-9CBA-158399B6E13A}.Release|Mixed Platforms.ActiveCfg = Release|x86
		{59AEBBAC-1AFC-493B-9CBA-158399B6E13A}.Release|Mixed Platforms.Build.0 = Release|x86
		{59AEBBAC-1AFC-493B-9CBA-158399B6E13A}.Release|Win32.ActiveCfg = Release|x86
		{59AEBBAC-1AFC-493B-9CBA-158399B6E13A}.Release|x64.ActiveCfg = Release|x86
		{59AEBBAC-1AFC-493B-9CBA-158399B6E13A}.Release|x86.ActiveCfg = Release|x86
		{59AEBBAC-1AFC-493B-9CBA-158399B6E13A}.Release|x86.Build.0 = Release|x86
		{7348AEE0-1F4A-4436-B782-6ABB694911AE}.Debug|Any CPU.ActiveCfg = Debug|x64
		{7348AEE0-1F4A-4436-B782-6ABB694911AE}.Debug|Mixed Platforms.ActiveCfg = Debug|x64
		{7348AEE0-1F4A-4436-B782-6ABB694911AE}.Debug|Mixed Platforms.Build.0 = Debug|x64
		{7348AEE0-1F4A-4436-B782-6ABB694911AE}.Debug|Win32.ActiveCfg = Debug|Win32
		{7348AEE0-1F4A-4436-B782-6ABB694911AE}.Debug|Win32.Build.0 = Debug|Win32
		{7348AEE0-1F4A-4436-B782-6ABB694911AE}.Debug|x64.ActiveCfg = Debug|x64
		{7348AEE0-1F4A-4436-B782-6ABB694911AE}.Debug|x64.Build.0 = Debug|x64
		{7348AEE0-1F4A-4436-B782-6ABB694911AE}.Debug|x86.ActiveCfg = Debug|x64
		{7348AEE0-1F4A-4436-B782-6ABB694911AE}.Release|Any CPU.ActiveCfg = Release|x64
		{7348AEE0-1F4A-4436-B782-6ABB694911AE}.Release|Mixed Platforms.ActiveCfg = Release|x64
		{7348AEE0-1F4A-4436-B782-6ABB694911AE}.Release|Mixed Platforms.Build.0 = Release|x64
		{7348AEE0-1F4A-4436-B782-6ABB694911AE}.Release|Win32.ActiveCfg = Release|Win32
		{7348AEE0-1F4A-4436-B782-6ABB694911AE}.Release|Win32.Build.0 = Release|Win32
		{7348AEE0-1F4A-4436-B782-6ABB694911AE}.Release|x64.ActiveCfg = Release|x64
		{7348AEE0-1F4A-4436-B782-6ABB694911AE}.Release|x64.Build.0 = Release|x64
		{7348AEE0-1F4A-4436-B782-6ABB694911AE}.Release|x86.ActiveCfg = Release|x64
		{867A2E1B-11C0-4621-BB47-EF0284ED00A7}.Debug|Any CPU.ActiveCfg = Debug|Win32
		{867A2E1B-11C0-4621-BB47-EF0284ED00A7}.Debug|Mixed Platforms.ActiveCfg = Debug|Win32
		{867A2E1B-11C0-4621-BB47-EF0284ED00A7}.Debug|Mixed Platforms.Build.0 = Debug|Win32
		{867A2E1B-11C0-4621-BB47-EF0284ED00A7}.Debug|Win32.ActiveCfg = Debug|Win32
		{867A2E1B-11C0-4621-BB47-EF0284ED00A7}.Debug|Win32.Build.0 = Debug|Win32
		{867A2E1B-11C0-4621-BB47-EF0284ED00A7}.Debug|x64.ActiveCfg = Debug|x64
		{867A2E1B-11C0-4621-BB47-EF0284ED00A7}.Debug|x86.ActiveCfg = Debug|Win32
		{867A2E1B-11C0-4621-BB47-EF0284ED00A7}.Release|Any CPU.ActiveCfg = Release|Win32
		{867A2E1B-11C0-4621-BB47-EF0284ED00A7}.Release|Mixed Platforms.ActiveCfg = Release|Win32
		{867A2E1B-11C0-4621-BB47-EF0284ED00A7}.Release|Mixed Platforms.Build.0 = Release|Win32
		{867A2E1B-11C0-4621-BB47-EF0284ED00A7}.Release|Win32.ActiveCfg = Release|Win32
		{867A2E1B-11C0-4621-BB47-EF0284ED00A7}.Release|Win32.Build.0 = Release|Win32
		{867A2E1B-11C0-4621-BB47-EF0284ED00A7}.Release|x64.ActiveCfg = Release|Win32
		{867A2E1B-11C0-4621-BB47-EF0284ED00A7}.Release|x86.ActiveCfg = Release|Win32
	EndGlobalSection
	GlobalSection(SolutionProperties) = preSolution
		HideSolutionNode = FALSE
	EndGlobalSection
EndGlobal
